
Microsoft Visual Studio Solution File, Format Version 12.00
# Visual Studio Version 16
VisualStudioVersion = 16.0.29911.84
MinimumVisualStudioVersion = 10.0.40219.1
Project("{9A19103F-16F7-4668-BE54-9A1E7A4F7556}") = "MasterData", "MasterData\MasterData.csproj", "{C9C53DF7-418E-467A-9674-751FD6B72211}"
EndProject
Project("{9A19103F-16F7-4668-BE54-9A1E7A4F7556}") = "CowLocation", "CowLocation\CowLocation.csproj", "{AFE097E0-DC47-4543-9FD1-C1ABD83CB58C}"
EndProject
Project("{FAE04EC0-301F-11D3-BF4B-00C04F79EFBC}") = "cowsumer3", "cowsumer3\cowsumer3.csproj", "{7ABAC3A8-EC9E-4CCB-8A4F-3DC87A2A6456}"
EndProject
Global
	GlobalSection(SolutionConfigurationPlatforms) = preSolution
		Debug|Any CPU = Debug|Any CPU
		Release|Any CPU = Release|Any CPU
	EndGlobalSection
	GlobalSection(ProjectConfigurationPlatforms) = postSolution
		{C9C53DF7-418E-467A-9674-751FD6B72211}.Debug|Any CPU.ActiveCfg = Debug|Any CPU
		{C9C53DF7-418E-467A-9674-751FD6B72211}.Debug|Any CPU.Build.0 = Debug|Any CPU
		{C9C53DF7-418E-467A-9674-751FD6B72211}.Release|Any CPU.ActiveCfg = Release|Any CPU
		{C9C53DF7-418E-467A-9674-751FD6B72211}.Release|Any CPU.Build.0 = Release|Any CPU
		{AFE097E0-DC47-4543-9FD1-C1ABD83CB58C}.Debug|Any CPU.ActiveCfg = Debug|Any CPU
		{AFE097E0-DC47-4543-9FD1-C1ABD83CB58C}.Debug|Any CPU.Build.0 = Debug|Any CPU
		{AFE097E0-DC47-4543-9FD1-C1ABD83CB58C}.Release|Any CPU.ActiveCfg = Release|Any CPU
		{AFE097E0-DC47-4543-9FD1-C1ABD83CB58C}.Release|Any CPU.Build.0 = Release|Any CPU
		{7ABAC3A8-EC9E-4CCB-8A4F-3DC87A2A6456}.Debug|Any CPU.ActiveCfg = Debug|Any CPU
		{7ABAC3A8-EC9E-4CCB-8A4F-3DC87A2A6456}.Debug|Any CPU.Build.0 = Debug|Any CPU
		{7ABAC3A8-EC9E-4CCB-8A4F-3DC87A2A6456}.Release|Any CPU.ActiveCfg = Release|Any CPU
		{7ABAC3A8-EC9E-4CCB-8A4F-3DC87A2A6456}.Release|Any CPU.Build.0 = Release|Any CPU
	EndGlobalSection
	GlobalSection(SolutionProperties) = preSolution
		HideSolutionNode = FALSE
	EndGlobalSection
	GlobalSection(ExtensibilityGlobals) = postSolution
		SolutionGuid = {4A44448D-D3CE-45DD-98DB-3FC29C1B4143}
	EndGlobalSection
EndGlobal
